
Microsoft Visual Studio Solution File, Format Version 12.00
# Visual Studio Version 17
VisualStudioVersion = 17.14.36109.1 d17.14
MinimumVisualStudioVersion = 10.0.40219.1
Project("{FAE04EC0-301F-11D3-BF4B-00C04F79EFBC}") = "GeocachingHelpers", "GeocachingHelpers\GeocachingHelpers.csproj", "{491E7C40-356A-4C27-AB97-AEE165C53B73}"
EndProject
Global
	GlobalSection(SolutionConfigurationPlatforms) = preSolution
		Debug|Any CPU = Debug|Any CPU
		Release|Any CPU = Release|Any CPU
	EndGlobalSection
	GlobalSection(ProjectConfigurationPlatforms) = postSolution
		{491E7C40-356A-4C27-AB97-AEE165C53B73}.Debug|Any CPU.ActiveCfg = Debug|Any CPU
		{491E7C40-356A-4C27-AB97-AEE165C53B73}.Debug|Any CPU.Build.0 = Debug|Any CPU
		{491E7C40-356A-4C27-AB97-AEE165C53B73}.Release|Any CPU.ActiveCfg = Release|Any CPU
		{491E7C40-356A-4C27-AB97-AEE165C53B73}.Release|Any CPU.Build.0 = Release|Any CPU
	EndGlobalSection
	GlobalSection(SolutionProperties) = preSolution
		HideSolutionNode = FALSE
	EndGlobalSection
	GlobalSection(ExtensibilityGlobals) = postSolution
		SolutionGuid = {17E3CB0C-14C7-4A8F-86CF-6AB6B7607985}
	EndGlobalSection
EndGlobal
